
Microsoft Visual Studio Solution File, Format Version 12.00
# Visual Studio Version 17
VisualStudioVersion = 17.9.34723.18
MinimumVisualStudioVersion = 10.0.40219.1
Project("{FAE04EC0-301F-11D3-BF4B-00C04F79EFBC}") = "ASM_Client", "ASM_Client\ASM_Client.csproj", "{199AB0FF-920D-425E-A732-8DC05586747E}"
EndProject
Project("{FAE04EC0-301F-11D3-BF4B-00C04F79EFBC}") = "ASM_api", "ASM_api\ASM_api.csproj", "{1C8B290A-6467-43C1-A461-F24489D01897}"
EndProject
Global
	GlobalSection(SolutionConfigurationPlatforms) = preSolution
		Debug|Any CPU = Debug|Any CPU
		Release|Any CPU = Release|Any CPU
	EndGlobalSection
	GlobalSection(ProjectConfigurationPlatforms) = postSolution
		{199AB0FF-920D-425E-A732-8DC05586747E}.Debug|Any CPU.ActiveCfg = Debug|Any CPU
		{199AB0FF-920D-425E-A732-8DC05586747E}.Debug|Any CPU.Build.0 = Debug|Any CPU
		{199AB0FF-920D-425E-A732-8DC05586747E}.Release|Any CPU.ActiveCfg = Release|Any CPU
		{199AB0FF-920D-425E-A732-8DC05586747E}.Release|Any CPU.Build.0 = Release|Any CPU
		{1C8B290A-6467-43C1-A461-F24489D01897}.Debug|Any CPU.ActiveCfg = Debug|Any CPU
		{1C8B290A-6467-43C1-A461-F24489D01897}.Debug|Any CPU.Build.0 = Debug|Any CPU
		{1C8B290A-6467-43C1-A461-F24489D01897}.Release|Any CPU.ActiveCfg = Release|Any CPU
		{1C8B290A-6467-43C1-A461-F24489D01897}.Release|Any CPU.Build.0 = Release|Any CPU
	EndGlobalSection
	GlobalSection(SolutionProperties) = preSolution
		HideSolutionNode = FALSE
	EndGlobalSection
	GlobalSection(ExtensibilityGlobals) = postSolution
		SolutionGuid = {0C7559A7-C7FE-4FE6-887B-1C9033386270}
	EndGlobalSection
EndGlobal
